
Microsoft Visual Studio Solution File, Format Version 12.00
# Visual Studio Version 16
VisualStudioVersion = 16.0.31729.503
MinimumVisualStudioVersion = 10.0.40219.1
Project("{FAE04EC0-301F-11D3-BF4B-00C04F79EFBC}") = "Firebase_Chat.Android", "Firebase_Chat\Firebase_Chat.Android\Firebase_Chat.Android.csproj", "{EAE1A066-99B1-4730-BFD7-505450933DD9}"
EndProject
Project("{FAE04EC0-301F-11D3-BF4B-00C04F79EFBC}") = "Firebase_Chat", "Firebase_Chat\Firebase_Chat\Firebase_Chat.csproj", "{C8057B01-D1AA-46F3-9821-AB3B17DAD31C}"
EndProject
Global
	GlobalSection(SolutionConfigurationPlatforms) = preSolution
		Debug|Any CPU = Debug|Any CPU
		Release|Any CPU = Release|Any CPU
	EndGlobalSection
	GlobalSection(ProjectConfigurationPlatforms) = postSolution
		{EAE1A066-99B1-4730-BFD7-505450933DD9}.Debug|Any CPU.ActiveCfg = Debug|Any CPU
		{EAE1A066-99B1-4730-BFD7-505450933DD9}.Debug|Any CPU.Build.0 = Debug|Any CPU
		{EAE1A066-99B1-4730-BFD7-505450933DD9}.Debug|Any CPU.Deploy.0 = Debug|Any CPU
		{EAE1A066-99B1-4730-BFD7-505450933DD9}.Release|Any CPU.ActiveCfg = Release|Any CPU
		{EAE1A066-99B1-4730-BFD7-505450933DD9}.Release|Any CPU.Build.0 = Release|Any CPU
		{EAE1A066-99B1-4730-BFD7-505450933DD9}.Release|Any CPU.Deploy.0 = Release|Any CPU
		{C8057B01-D1AA-46F3-9821-AB3B17DAD31C}.Debug|Any CPU.ActiveCfg = Debug|Any CPU
		{C8057B01-D1AA-46F3-9821-AB3B17DAD31C}.Debug|Any CPU.Build.0 = Debug|Any CPU
		{C8057B01-D1AA-46F3-9821-AB3B17DAD31C}.Debug|Any CPU.Deploy.0 = Debug|Any CPU
		{C8057B01-D1AA-46F3-9821-AB3B17DAD31C}.Release|Any CPU.ActiveCfg = Release|Any CPU
		{C8057B01-D1AA-46F3-9821-AB3B17DAD31C}.Release|Any CPU.Build.0 = Release|Any CPU
		{C8057B01-D1AA-46F3-9821-AB3B17DAD31C}.Release|Any CPU.Deploy.0 = Release|Any CPU
	EndGlobalSection
	GlobalSection(SolutionProperties) = preSolution
		HideSolutionNode = FALSE
	EndGlobalSection
	GlobalSection(ExtensibilityGlobals) = postSolution
		SolutionGuid = {8D069706-7A4B-4612-B3C0-0FC47F3A63B9}
	EndGlobalSection
EndGlobal
